
Microsoft Visual Studio Solution File, Format Version 12.00
# Visual Studio Version 17
VisualStudioVersion = 17.4.33205.214
MinimumVisualStudioVersion = 10.0.40219.1
Project("{888888A0-9F3D-457C-B088-3A5042F75D52}") = "lippud", "lippud\lippud.pyproj", "{02758E46-1011-4C27-A656-BC05E1E3789D}"
EndProject
Global
	GlobalSection(SolutionConfigurationPlatforms) = preSolution
		Debug|Any CPU = Debug|Any CPU
		Release|Any CPU = Release|Any CPU
	EndGlobalSection
	GlobalSection(ProjectConfigurationPlatforms) = postSolution
		{02758E46-1011-4C27-A656-BC05E1E3789D}.Debug|Any CPU.ActiveCfg = Debug|Any CPU
		{02758E46-1011-4C27-A656-BC05E1E3789D}.Release|Any CPU.ActiveCfg = Release|Any CPU
	EndGlobalSection
	GlobalSection(SolutionProperties) = preSolution
		HideSolutionNode = FALSE
	EndGlobalSection
	GlobalSection(ExtensibilityGlobals) = postSolution
		SolutionGuid = {0509DF70-8987-43BF-B114-74E92CCB1EC0}
	EndGlobalSection
EndGlobal
